
Microsoft Visual Studio Solution File, Format Version 12.00
# Visual Studio Version 17
VisualStudioVersion = 17.9.34310.174
MinimumVisualStudioVersion = 10.0.40219.1
Project("{9A19103F-16F7-4668-BE54-9A1E7A4F7556}") = "BlazorAllTheThings", "BlazorAllTheThings\BlazorAllTheThings.csproj", "{E0D5959E-D1B9-4E17-96E5-B22BEB04CA07}"
EndProject
Project("{9A19103F-16F7-4668-BE54-9A1E7A4F7556}") = "BlazorAllTheThings.Client", "BlazorAllTheThings.Client\BlazorAllTheThings.Client.csproj", "{FB71E55B-520E-4D0D-8908-48D0417162ED}"
EndProject
Project("{FAE04EC0-301F-11D3-BF4B-00C04F79EFBC}") = "CounterCompany", "CounterCompany\CounterCompany.csproj", "{44792F21-9998-47F0-A0AB-0EADAA3809AC}"
EndProject
Global
	GlobalSection(SolutionConfigurationPlatforms) = preSolution
		Debug|Any CPU = Debug|Any CPU
		Release|Any CPU = Release|Any CPU
	EndGlobalSection
	GlobalSection(ProjectConfigurationPlatforms) = postSolution
		{E0D5959E-D1B9-4E17-96E5-B22BEB04CA07}.Debug|Any CPU.ActiveCfg = Debug|Any CPU
		{E0D5959E-D1B9-4E17-96E5-B22BEB04CA07}.Debug|Any CPU.Build.0 = Debug|Any CPU
		{E0D5959E-D1B9-4E17-96E5-B22BEB04CA07}.Release|Any CPU.ActiveCfg = Release|Any CPU
		{E0D5959E-D1B9-4E17-96E5-B22BEB04CA07}.Release|Any CPU.Build.0 = Release|Any CPU
		{FB71E55B-520E-4D0D-8908-48D0417162ED}.Debug|Any CPU.ActiveCfg = Debug|Any CPU
		{FB71E55B-520E-4D0D-8908-48D0417162ED}.Debug|Any CPU.Build.0 = Debug|Any CPU
		{FB71E55B-520E-4D0D-8908-48D0417162ED}.Release|Any CPU.ActiveCfg = Release|Any CPU
		{FB71E55B-520E-4D0D-8908-48D0417162ED}.Release|Any CPU.Build.0 = Release|Any CPU
		{44792F21-9998-47F0-A0AB-0EADAA3809AC}.Debug|Any CPU.ActiveCfg = Debug|Any CPU
		{44792F21-9998-47F0-A0AB-0EADAA3809AC}.Debug|Any CPU.Build.0 = Debug|Any CPU
		{44792F21-9998-47F0-A0AB-0EADAA3809AC}.Release|Any CPU.ActiveCfg = Release|Any CPU
		{44792F21-9998-47F0-A0AB-0EADAA3809AC}.Release|Any CPU.Build.0 = Release|Any CPU
	EndGlobalSection
	GlobalSection(SolutionProperties) = preSolution
		HideSolutionNode = FALSE
	EndGlobalSection
	GlobalSection(ExtensibilityGlobals) = postSolution
		SolutionGuid = {32E99371-5238-4827-BEE0-D137F4FC3FCC}
	EndGlobalSection
EndGlobal
