
Microsoft Visual Studio Solution File, Format Version 12.00
# Visual Studio Version 17
VisualStudioVersion = 17.9.34310.174
MinimumVisualStudioVersion = 10.0.40219.1
Project("{FAE04EC0-301F-11D3-BF4B-00C04F79EFBC}") = "BlazorAllTheThings", "BlazorAllTheThings.csproj", "{5D95F9CD-1429-4947-8616-6960244910BC}"
EndProject
Global
	GlobalSection(SolutionConfigurationPlatforms) = preSolution
		Debug|Any CPU = Debug|Any CPU
		Release|Any CPU = Release|Any CPU
	EndGlobalSection
	GlobalSection(ProjectConfigurationPlatforms) = postSolution
		{5D95F9CD-1429-4947-8616-6960244910BC}.Debug|Any CPU.ActiveCfg = Debug|Any CPU
		{5D95F9CD-1429-4947-8616-6960244910BC}.Debug|Any CPU.Build.0 = Debug|Any CPU
		{5D95F9CD-1429-4947-8616-6960244910BC}.Release|Any CPU.ActiveCfg = Release|Any CPU
		{5D95F9CD-1429-4947-8616-6960244910BC}.Release|Any CPU.Build.0 = Release|Any CPU
	EndGlobalSection
	GlobalSection(SolutionProperties) = preSolution
		HideSolutionNode = FALSE
	EndGlobalSection
	GlobalSection(ExtensibilityGlobals) = postSolution
		SolutionGuid = {8011FE69-C3E7-45F2-8908-AAF25EB32115}
	EndGlobalSection
EndGlobal
