
Microsoft Visual Studio Solution File, Format Version 12.00
# Visual Studio Version 17
VisualStudioVersion = 17.9.34310.174
MinimumVisualStudioVersion = 10.0.40219.1
Project("{FAE04EC0-301F-11D3-BF4B-00C04F79EFBC}") = "JavaScriptAndMAUI", "JavaScriptAndMAUI\JavaScriptAndMAUI.csproj", "{DAE66DB2-5CB4-474F-88AF-DADE546706FB}"
EndProject
Global
	GlobalSection(SolutionConfigurationPlatforms) = preSolution
		Debug|Any CPU = Debug|Any CPU
		Release|Any CPU = Release|Any CPU
	EndGlobalSection
	GlobalSection(ProjectConfigurationPlatforms) = postSolution
		{DAE66DB2-5CB4-474F-88AF-DADE546706FB}.Debug|Any CPU.ActiveCfg = Debug|Any CPU
		{DAE66DB2-5CB4-474F-88AF-DADE546706FB}.Debug|Any CPU.Build.0 = Debug|Any CPU
		{DAE66DB2-5CB4-474F-88AF-DADE546706FB}.Debug|Any CPU.Deploy.0 = Debug|Any CPU
		{DAE66DB2-5CB4-474F-88AF-DADE546706FB}.Release|Any CPU.ActiveCfg = Release|Any CPU
		{DAE66DB2-5CB4-474F-88AF-DADE546706FB}.Release|Any CPU.Build.0 = Release|Any CPU
		{DAE66DB2-5CB4-474F-88AF-DADE546706FB}.Release|Any CPU.Deploy.0 = Release|Any CPU
	EndGlobalSection
	GlobalSection(SolutionProperties) = preSolution
		HideSolutionNode = FALSE
	EndGlobalSection
	GlobalSection(ExtensibilityGlobals) = postSolution
		SolutionGuid = {693A705C-D1AC-496C-953D-0E735D75DB89}
	EndGlobalSection
EndGlobal
